Microsoft Visual Studio Solution File, Format Version 12.00
# Visual Studio Version 17
VisualStudioVersion = 17.14.35806.103
MinimumVisualStudioVersion = 10.0.40219.1
Project("{FAE04EC0-301F-11D3-BF4B-00C04F79EFBC}") = "AspireApp.AppHost", "AspireApp.AppHost\AspireApp.AppHost.csproj", "{3E85BCA2-E8A4-4545-B335-45D4FB37A9D4}"
EndProject
Project("{FAE04EC0-301F-11D3-BF4B-00C04F79EFBC}") = "AspireApp.Api", "AspireApp.Api\AspireApp.Api.csproj", "{C90FC13B-ECF7-2893-B9BD-49165768EE28}"
EndProject
Global
	GlobalSection(SolutionConfigurationPlatforms) = preSolution
		Debug|Any CPU = Debug|Any CPU
		Release|Any CPU = Release|Any CPU
	EndGlobalSection
	GlobalSection(ProjectConfigurationPlatforms) = postSolution
		{3E85BCA2-E8A4-4545-B335-45D4FB37A9D4}.Debug|Any CPU.ActiveCfg = Debug|Any CPU
		{3E85BCA2-E8A4-4545-B335-45D4FB37A9D4}.Debug|Any CPU.Build.0 = Debug|Any CPU
		{3E85BCA2-E8A4-4545-B335-45D4FB37A9D4}.Release|Any CPU.ActiveCfg = Release|Any CPU
		{3E85BCA2-E8A4-4545-B335-45D4FB37A9D4}.Release|Any CPU.Build.0 = Release|Any CPU
		{C90FC13B-ECF7-2893-B9BD-49165768EE28}.Debug|Any CPU.ActiveCfg = Debug|Any CPU
		{C90FC13B-ECF7-2893-B9BD-49165768EE28}.Debug|Any CPU.Build.0 = Debug|Any CPU
		{C90FC13B-ECF7-2893-B9BD-49165768EE28}.Release|Any CPU.ActiveCfg = Release|Any CPU
		{C90FC13B-ECF7-2893-B9BD-49165768EE28}.Release|Any CPU.Build.0 = Release|Any CPU
	EndGlobalSection
	GlobalSection(SolutionProperties) = preSolution
		HideSolutionNode = FALSE
	EndGlobalSection
	GlobalSection(ExtensibilityGlobals) = postSolution
		SolutionGuid = {71BDF2AB-F354-4B61-AF34-E68BB6B32F1C}
	EndGlobalSection
EndGlobal
