Microsoft Visual Studio Solution File, Format Version 12.00
# Visual Studio Version 17
VisualStudioVersion = 17.0.31903.59
MinimumVisualStudioVersion = 10.0.40219.1
Project("{FAE04EC0-301F-11D3-BF4B-00C04F79EFBC}") = "AspireContainerAppJobs.AppHost", "AspireContainerAppJobs.AppHost\AspireContainerAppJobs.AppHost.csproj", "{8A7E0E97-E29E-42C9-9A52-4B27D3C8F95B}"
EndProject
Global
	GlobalSection(SolutionConfigurationPlatforms) = preSolution
		Debug|Any CPU = Debug|Any CPU
		Release|Any CPU = Release|Any CPU
	EndGlobalSection
	GlobalSection(ProjectConfigurationPlatforms) = postSolution
		{8A7E0E97-E29E-42C9-9A52-4B27D3C8F95B}.Debug|Any CPU.ActiveCfg = Debug|Any CPU
		{8A7E0E97-E29E-42C9-9A52-4B27D3C8F95B}.Debug|Any CPU.Build.0 = Debug|Any CPU
		{8A7E0E97-E29E-42C9-9A52-4B27D3C8F95B}.Release|Any CPU.ActiveCfg = Release|Any CPU
		{8A7E0E97-E29E-42C9-9A52-4B27D3C8F95B}.Release|Any CPU.Build.0 = Release|Any CPU
	EndGlobalSection
EndGlobal