
Microsoft Visual Studio Solution File, Format Version 12.00
# Visual Studio Version 17
VisualStudioVersion = 17.10.34727.303
MinimumVisualStudioVersion = 10.0.40219.1
Project("{FAE04EC0-301F-11D3-BF4B-00C04F79EFBC}") = "Healthz.ServiceDefaults", "Healthz.ServiceDefaults.csproj", "{489CF15E-6758-4CD5-80B7-DD698ED2D964}"
EndProject
Global
	GlobalSection(SolutionConfigurationPlatforms) = preSolution
		Debug|Any CPU = Debug|Any CPU
		Release|Any CPU = Release|Any CPU
	EndGlobalSection
	GlobalSection(ProjectConfigurationPlatforms) = postSolution
		{489CF15E-6758-4CD5-80B7-DD698ED2D964}.Debug|Any CPU.ActiveCfg = Debug|Any CPU
		{489CF15E-6758-4CD5-80B7-DD698ED2D964}.Debug|Any CPU.Build.0 = Debug|Any CPU
		{489CF15E-6758-4CD5-80B7-DD698ED2D964}.Release|Any CPU.ActiveCfg = Release|Any CPU
		{489CF15E-6758-4CD5-80B7-DD698ED2D964}.Release|Any CPU.Build.0 = Release|Any CPU
	EndGlobalSection
	GlobalSection(SolutionProperties) = preSolution
		HideSolutionNode = FALSE
	EndGlobalSection
	GlobalSection(ExtensibilityGlobals) = postSolution
		SolutionGuid = {B445EE8B-3BD1-4F13-A5BB-DE20505966D9}
	EndGlobalSection
EndGlobal
