Microsoft Visual Studio Solution File, Format Version 12.00
# Visual Studio Version 17
VisualStudioVersion = 17.13.35818.85
MinimumVisualStudioVersion = 10.0.40219.1
Project("{FAE04EC0-301F-11D3-BF4B-00C04F79EFBC}") = "AspireReferenceExpressions.AppHost", "AspireReferenceExpressions.AppHost\AspireReferenceExpressions.AppHost.csproj", "{71D548FB-33D0-4DA6-99D9-1BAB1A319DFD}"
EndProject
Project("{FAE04EC0-301F-11D3-BF4B-00C04F79EFBC}") = "AspireReferenceExpressions.ServiceDefaults", "AspireReferenceExpressions.ServiceDefaults\AspireReferenceExpressions.ServiceDefaults.csproj", "{315B3204-3FAF-951F-2945-654712FAABD1}"
EndProject
Project("{FAE04EC0-301F-11D3-BF4B-00C04F79EFBC}") = "AspireReferenceExpressions.CatalogAPI", "AspireReferenceExpressions.CatalogAPI\AspireReferenceExpressions.CatalogAPI.csproj", "{F8E5F6AC-D19B-C0AA-3276-A910BB472B25}"
EndProject
Project("{FAE04EC0-301F-11D3-BF4B-00C04F79EFBC}") = "AspireReferenceExpressions.CustomerAPI", "AspireReferenceExpressions.CustomerAPI\AspireReferenceExpressions.CustomerAPI.csproj", "{C112814D-6F04-57A4-DB0E-5EB5F1E62B82}"
EndProject
Global
	GlobalSection(SolutionConfigurationPlatforms) = preSolution
		Debug|Any CPU = Debug|Any CPU
		Release|Any CPU = Release|Any CPU
	EndGlobalSection
	GlobalSection(ProjectConfigurationPlatforms) = postSolution
		{71D548FB-33D0-4DA6-99D9-1BAB1A319DFD}.Debug|Any CPU.ActiveCfg = Debug|Any CPU
		{71D548FB-33D0-4DA6-99D9-1BAB1A319DFD}.Debug|Any CPU.Build.0 = Debug|Any CPU
		{71D548FB-33D0-4DA6-99D9-1BAB1A319DFD}.Release|Any CPU.ActiveCfg = Release|Any CPU
		{71D548FB-33D0-4DA6-99D9-1BAB1A319DFD}.Release|Any CPU.Build.0 = Release|Any CPU
		{315B3204-3FAF-951F-2945-654712FAABD1}.Debug|Any CPU.ActiveCfg = Debug|Any CPU
		{315B3204-3FAF-951F-2945-654712FAABD1}.Debug|Any CPU.Build.0 = Debug|Any CPU
		{315B3204-3FAF-951F-2945-654712FAABD1}.Release|Any CPU.ActiveCfg = Release|Any CPU
		{315B3204-3FAF-951F-2945-654712FAABD1}.Release|Any CPU.Build.0 = Release|Any CPU
		{F8E5F6AC-D19B-C0AA-3276-A910BB472B25}.Debug|Any CPU.ActiveCfg = Debug|Any CPU
		{F8E5F6AC-D19B-C0AA-3276-A910BB472B25}.Debug|Any CPU.Build.0 = Debug|Any CPU
		{F8E5F6AC-D19B-C0AA-3276-A910BB472B25}.Release|Any CPU.ActiveCfg = Release|Any CPU
		{F8E5F6AC-D19B-C0AA-3276-A910BB472B25}.Release|Any CPU.Build.0 = Release|Any CPU
		{C112814D-6F04-57A4-DB0E-5EB5F1E62B82}.Debug|Any CPU.ActiveCfg = Debug|Any CPU
		{C112814D-6F04-57A4-DB0E-5EB5F1E62B82}.Debug|Any CPU.Build.0 = Debug|Any CPU
		{C112814D-6F04-57A4-DB0E-5EB5F1E62B82}.Release|Any CPU.ActiveCfg = Release|Any CPU
		{C112814D-6F04-57A4-DB0E-5EB5F1E62B82}.Release|Any CPU.Build.0 = Release|Any CPU
	EndGlobalSection
	GlobalSection(SolutionProperties) = preSolution
		HideSolutionNode = FALSE
	EndGlobalSection
	GlobalSection(ExtensibilityGlobals) = postSolution
		SolutionGuid = {3A5ADC87-AC20-4C4A-8437-46E246648053}
	EndGlobalSection
EndGlobal
