Microsoft Visual Studio Solution File, Format Version 12.00
# Visual Studio Version 17
VisualStudioVersion = 17.12.35410.144
MinimumVisualStudioVersion = 10.0.40219.1
Project("{FAE04EC0-301F-11D3-BF4B-00C04F79EFBC}") = "AspireApp.AppHost", "AspireApp.AppHost\AspireApp.AppHost.csproj", "{24AE7255-E91B-4468-B533-652467E71F4C}"
EndProject
Project("{FAE04EC0-301F-11D3-BF4B-00C04F79EFBC}") = "AspireApp.ServiceDefaults", "AspireApp.ServiceDefaults\AspireApp.ServiceDefaults.csproj", "{231F0A96-881E-47B8-BC16-2FD0A3B1A226}"
EndProject
Project("{FAE04EC0-301F-11D3-BF4B-00C04F79EFBC}") = "AspireApp.ApiService", "AspireApp.ApiService\AspireApp.ApiService.csproj", "{B0F290C3-5ECE-40B5-A2FA-D69C4F70D486}"
EndProject
Project("{FAE04EC0-301F-11D3-BF4B-00C04F79EFBC}") = "AspireApp.Web", "AspireApp.Web\AspireApp.Web.csproj", "{BA90311C-3BC4-4DBF-A81C-579540E1E9BB}"
EndProject
Global
	GlobalSection(SolutionConfigurationPlatforms) = preSolution
		Debug|Any CPU = Debug|Any CPU
		Release|Any CPU = Release|Any CPU
	EndGlobalSection
	GlobalSection(ProjectConfigurationPlatforms) = postSolution
		{24AE7255-E91B-4468-B533-652467E71F4C}.Debug|Any CPU.ActiveCfg = Debug|Any CPU
		{24AE7255-E91B-4468-B533-652467E71F4C}.Debug|Any CPU.Build.0 = Debug|Any CPU
		{24AE7255-E91B-4468-B533-652467E71F4C}.Release|Any CPU.ActiveCfg = Release|Any CPU
		{24AE7255-E91B-4468-B533-652467E71F4C}.Release|Any CPU.Build.0 = Release|Any CPU
		{231F0A96-881E-47B8-BC16-2FD0A3B1A226}.Debug|Any CPU.ActiveCfg = Debug|Any CPU
		{231F0A96-881E-47B8-BC16-2FD0A3B1A226}.Debug|Any CPU.Build.0 = Debug|Any CPU
		{231F0A96-881E-47B8-BC16-2FD0A3B1A226}.Release|Any CPU.ActiveCfg = Release|Any CPU
		{231F0A96-881E-47B8-BC16-2FD0A3B1A226}.Release|Any CPU.Build.0 = Release|Any CPU
		{B0F290C3-5ECE-40B5-A2FA-D69C4F70D486}.Debug|Any CPU.ActiveCfg = Debug|Any CPU
		{B0F290C3-5ECE-40B5-A2FA-D69C4F70D486}.Debug|Any CPU.Build.0 = Debug|Any CPU
		{B0F290C3-5ECE-40B5-A2FA-D69C4F70D486}.Release|Any CPU.ActiveCfg = Release|Any CPU
		{B0F290C3-5ECE-40B5-A2FA-D69C4F70D486}.Release|Any CPU.Build.0 = Release|Any CPU
		{BA90311C-3BC4-4DBF-A81C-579540E1E9BB}.Debug|Any CPU.ActiveCfg = Debug|Any CPU
		{BA90311C-3BC4-4DBF-A81C-579540E1E9BB}.Debug|Any CPU.Build.0 = Debug|Any CPU
		{BA90311C-3BC4-4DBF-A81C-579540E1E9BB}.Release|Any CPU.ActiveCfg = Release|Any CPU
		{BA90311C-3BC4-4DBF-A81C-579540E1E9BB}.Release|Any CPU.Build.0 = Release|Any CPU
	EndGlobalSection
	GlobalSection(SolutionProperties) = preSolution
		HideSolutionNode = FALSE
	EndGlobalSection
EndGlobal
