Microsoft Visual Studio Solution File, Format Version 12.00
# Visual Studio Version 17
VisualStudioVersion = 17.14.35906.104
MinimumVisualStudioVersion = 10.0.40219.1
Project("{FAE04EC0-301F-11D3-BF4B-00C04F79EFBC}") = "AspireApp.AppHost", "AspireApp.AppHost\AspireApp.AppHost.csproj", "{A27E29D6-FA6E-404D-A41E-1D53EE2DF262}"
EndProject
Global
	GlobalSection(SolutionConfigurationPlatforms) = preSolution
		Debug|Any CPU = Debug|Any CPU
		Release|Any CPU = Release|Any CPU
	EndGlobalSection
	GlobalSection(ProjectConfigurationPlatforms) = postSolution
		{A27E29D6-FA6E-404D-A41E-1D53EE2DF262}.Debug|Any CPU.ActiveCfg = Debug|Any CPU
		{A27E29D6-FA6E-404D-A41E-1D53EE2DF262}.Debug|Any CPU.Build.0 = Debug|Any CPU
		{A27E29D6-FA6E-404D-A41E-1D53EE2DF262}.Release|Any CPU.ActiveCfg = Release|Any CPU
		{A27E29D6-FA6E-404D-A41E-1D53EE2DF262}.Release|Any CPU.Build.0 = Release|Any CPU
	EndGlobalSection
	GlobalSection(SolutionProperties) = preSolution
		HideSolutionNode = FALSE
	EndGlobalSection
	GlobalSection(ExtensibilityGlobals) = postSolution
		SolutionGuid = {D45E500B-8092-41D3-BEE7-55C647029894}
	EndGlobalSection
EndGlobal
