Microsoft Visual Studio Solution File, Format Version 12.00
# Visual Studio Version 17
VisualStudioVersion = 17.12.35410.144
MinimumVisualStudioVersion = 10.0.40219.1
Project("{FAE04EC0-301F-11D3-BF4B-00C04F79EFBC}") = "AspireApp.AppHost", "AspireApp.AppHost\AspireApp.AppHost.csproj", "{38D111A5-3441-4804-B9E0-8BDD5F0855A3}"
EndProject
Project("{FAE04EC0-301F-11D3-BF4B-00C04F79EFBC}") = "AspireApp.ServiceDefaults", "AspireApp.ServiceDefaults\AspireApp.ServiceDefaults.csproj", "{87A48FD4-0411-4CD0-92D6-3CC26D1DC921}"
EndProject
Project("{FAE04EC0-301F-11D3-BF4B-00C04F79EFBC}") = "AspireApp.Functions", "AspireApp.Functions\AspireApp.Functions.csproj", "{F91CEDA9-34A2-490D-A2D8-2F9AC237F1D1}"
EndProject
Project("{FAE04EC0-301F-11D3-BF4B-00C04F79EFBC}") = "AspireApp.Web", "AspireApp.Web\AspireApp.Web\AspireApp.Web.csproj", "{1EEAE34E-C20C-4FFD-AB1B-D88EBF67C1A6}"
EndProject
Project("{FAE04EC0-301F-11D3-BF4B-00C04F79EFBC}") = "AspireApp.Shared", "AspireApp.Shared\AspireApp.Shared.csproj", "{D89DB2F7-7901-4EAA-8155-84FEC1D86F44}"
EndProject
Global
	GlobalSection(SolutionConfigurationPlatforms) = preSolution
		Debug|Any CPU = Debug|Any CPU
		Release|Any CPU = Release|Any CPU
	EndGlobalSection
	GlobalSection(ProjectConfigurationPlatforms) = postSolution
		{38D111A5-3441-4804-B9E0-8BDD5F0855A3}.Debug|Any CPU.ActiveCfg = Debug|Any CPU
		{38D111A5-3441-4804-B9E0-8BDD5F0855A3}.Debug|Any CPU.Build.0 = Debug|Any CPU
		{38D111A5-3441-4804-B9E0-8BDD5F0855A3}.Release|Any CPU.ActiveCfg = Release|Any CPU
		{38D111A5-3441-4804-B9E0-8BDD5F0855A3}.Release|Any CPU.Build.0 = Release|Any CPU
		{87A48FD4-0411-4CD0-92D6-3CC26D1DC921}.Debug|Any CPU.ActiveCfg = Debug|Any CPU
		{87A48FD4-0411-4CD0-92D6-3CC26D1DC921}.Debug|Any CPU.Build.0 = Debug|Any CPU
		{87A48FD4-0411-4CD0-92D6-3CC26D1DC921}.Release|Any CPU.ActiveCfg = Release|Any CPU
		{87A48FD4-0411-4CD0-92D6-3CC26D1DC921}.Release|Any CPU.Build.0 = Release|Any CPU
		{F91CEDA9-34A2-490D-A2D8-2F9AC237F1D1}.Debug|Any CPU.ActiveCfg = Debug|Any CPU
		{F91CEDA9-34A2-490D-A2D8-2F9AC237F1D1}.Debug|Any CPU.Build.0 = Debug|Any CPU
		{F91CEDA9-34A2-490D-A2D8-2F9AC237F1D1}.Release|Any CPU.ActiveCfg = Release|Any CPU
		{F91CEDA9-34A2-490D-A2D8-2F9AC237F1D1}.Release|Any CPU.Build.0 = Release|Any CPU
		{1EEAE34E-C20C-4FFD-AB1B-D88EBF67C1A6}.Debug|Any CPU.ActiveCfg = Debug|Any CPU
		{1EEAE34E-C20C-4FFD-AB1B-D88EBF67C1A6}.Debug|Any CPU.Build.0 = Debug|Any CPU
		{1EEAE34E-C20C-4FFD-AB1B-D88EBF67C1A6}.Release|Any CPU.ActiveCfg = Release|Any CPU
		{1EEAE34E-C20C-4FFD-AB1B-D88EBF67C1A6}.Release|Any CPU.Build.0 = Release|Any CPU
		{D89DB2F7-7901-4EAA-8155-84FEC1D86F44}.Debug|Any CPU.ActiveCfg = Debug|Any CPU
		{D89DB2F7-7901-4EAA-8155-84FEC1D86F44}.Debug|Any CPU.Build.0 = Debug|Any CPU
		{D89DB2F7-7901-4EAA-8155-84FEC1D86F44}.Release|Any CPU.ActiveCfg = Release|Any CPU
		{D89DB2F7-7901-4EAA-8155-84FEC1D86F44}.Release|Any CPU.Build.0 = Release|Any CPU
	EndGlobalSection
	GlobalSection(SolutionProperties) = preSolution
		HideSolutionNode = FALSE
	EndGlobalSection
EndGlobal
