Microsoft Visual Studio Solution File, Format Version 12.00
# Visual Studio Version 17
VisualStudioVersion = 17.9.34310.174
MinimumVisualStudioVersion = 10.0.40219.1
Project("{FAE04EC0-301F-11D3-BF4B-00C04F79EFBC}") = "AspireApp.AppHost", "AspireApp.AppHost\AspireApp.AppHost.csproj", "{5ECB1120-CA00-4E6B-B58B-119AC1BD7EAB}"
EndProject
Project("{9A19103F-16F7-4668-BE54-9A1E7A4F7556}") = "AspireApp.ServiceDefaults", "AspireApp.ServiceDefaults\AspireApp.ServiceDefaults.csproj", "{D70B1822-D354-41BC-932F-F38A390E1A95}"
EndProject
Project("{9A19103F-16F7-4668-BE54-9A1E7A4F7556}") = "WorkerService", "WorkerService\WorkerService.csproj", "{31496392-228C-4C0C-97FC-A311A82723CB}"
EndProject
Global
	GlobalSection(SolutionConfigurationPlatforms) = preSolution
		Debug|Any CPU = Debug|Any CPU
		Release|Any CPU = Release|Any CPU
	EndGlobalSection
	GlobalSection(ProjectConfigurationPlatforms) = postSolution
		{5ECB1120-CA00-4E6B-B58B-119AC1BD7EAB}.Debug|Any CPU.ActiveCfg = Debug|Any CPU
		{5ECB1120-CA00-4E6B-B58B-119AC1BD7EAB}.Debug|Any CPU.Build.0 = Debug|Any CPU
		{5ECB1120-CA00-4E6B-B58B-119AC1BD7EAB}.Release|Any CPU.ActiveCfg = Release|Any CPU
		{5ECB1120-CA00-4E6B-B58B-119AC1BD7EAB}.Release|Any CPU.Build.0 = Release|Any CPU
		{D70B1822-D354-41BC-932F-F38A390E1A95}.Debug|Any CPU.ActiveCfg = Debug|Any CPU
		{D70B1822-D354-41BC-932F-F38A390E1A95}.Debug|Any CPU.Build.0 = Debug|Any CPU
		{D70B1822-D354-41BC-932F-F38A390E1A95}.Release|Any CPU.ActiveCfg = Release|Any CPU
		{D70B1822-D354-41BC-932F-F38A390E1A95}.Release|Any CPU.Build.0 = Release|Any CPU
		{31496392-228C-4C0C-97FC-A311A82723CB}.Debug|Any CPU.ActiveCfg = Debug|Any CPU
		{31496392-228C-4C0C-97FC-A311A82723CB}.Debug|Any CPU.Build.0 = Debug|Any CPU
		{31496392-228C-4C0C-97FC-A311A82723CB}.Release|Any CPU.ActiveCfg = Release|Any CPU
		{31496392-228C-4C0C-97FC-A311A82723CB}.Release|Any CPU.Build.0 = Release|Any CPU
	EndGlobalSection
	GlobalSection(SolutionProperties) = preSolution
		HideSolutionNode = FALSE
	EndGlobalSection
	GlobalSection(ExtensibilityGlobals) = postSolution
		SolutionGuid = {77615A82-474F-4434-B928-5CF7A56A09C7}
	EndGlobalSection
EndGlobal
