
Microsoft Visual Studio Solution File, Format Version 12.00
# Visual Studio Version 17
VisualStudioVersion = 17.8.0.0
MinimumVisualStudioVersion = 17.8.0.0
Project("{9A19103F-16F7-4668-BE54-9A1E7A4F7556}") = "AspireApp.AppHost", "AspireApp.AppHost\AspireApp.AppHost.csproj", "{2DF28CB6-4394-4E84-A615-017EF99888DA}"
EndProject
Project("{9A19103F-16F7-4668-BE54-9A1E7A4F7556}") = "AspireApp.ServiceDefaults", "AspireApp.ServiceDefaults\AspireApp.ServiceDefaults.csproj", "{C86F7275-7F93-4AF7-85F2-E2E05194B075}"
EndProject
Project("{FAE04EC0-301F-11D3-BF4B-00C04F79EFBC}") = "ExampleProject", "ExampleProject\ExampleProject.csproj", "{B890F9F7-875D-43AC-8725-FFD0096B1765}"
EndProject
Global
	GlobalSection(SolutionConfigurationPlatforms) = preSolution
		Debug|Any CPU = Debug|Any CPU
		Debug|x64 = Debug|x64
		Debug|x86 = Debug|x86
		Release|Any CPU = Release|Any CPU
		Release|x64 = Release|x64
		Release|x86 = Release|x86
	EndGlobalSection
	GlobalSection(ProjectConfigurationPlatforms) = postSolution
		{2DF28CB6-4394-4E84-A615-017EF99888DA}.Debug|Any CPU.ActiveCfg = Debug|Any CPU
		{2DF28CB6-4394-4E84-A615-017EF99888DA}.Debug|Any CPU.Build.0 = Debug|Any CPU
		{2DF28CB6-4394-4E84-A615-017EF99888DA}.Debug|x64.ActiveCfg = Debug|Any CPU
		{2DF28CB6-4394-4E84-A615-017EF99888DA}.Debug|x64.Build.0 = Debug|Any CPU
		{2DF28CB6-4394-4E84-A615-017EF99888DA}.Debug|x86.ActiveCfg = Debug|Any CPU
		{2DF28CB6-4394-4E84-A615-017EF99888DA}.Debug|x86.Build.0 = Debug|Any CPU
		{2DF28CB6-4394-4E84-A615-017EF99888DA}.Release|Any CPU.ActiveCfg = Release|Any CPU
		{2DF28CB6-4394-4E84-A615-017EF99888DA}.Release|Any CPU.Build.0 = Release|Any CPU
		{2DF28CB6-4394-4E84-A615-017EF99888DA}.Release|x64.ActiveCfg = Release|Any CPU
		{2DF28CB6-4394-4E84-A615-017EF99888DA}.Release|x64.Build.0 = Release|Any CPU
		{2DF28CB6-4394-4E84-A615-017EF99888DA}.Release|x86.ActiveCfg = Release|Any CPU
		{2DF28CB6-4394-4E84-A615-017EF99888DA}.Release|x86.Build.0 = Release|Any CPU
		{C86F7275-7F93-4AF7-85F2-E2E05194B075}.Debug|Any CPU.ActiveCfg = Debug|Any CPU
		{C86F7275-7F93-4AF7-85F2-E2E05194B075}.Debug|Any CPU.Build.0 = Debug|Any CPU
		{C86F7275-7F93-4AF7-85F2-E2E05194B075}.Debug|x64.ActiveCfg = Debug|Any CPU
		{C86F7275-7F93-4AF7-85F2-E2E05194B075}.Debug|x64.Build.0 = Debug|Any CPU
		{C86F7275-7F93-4AF7-85F2-E2E05194B075}.Debug|x86.ActiveCfg = Debug|Any CPU
		{C86F7275-7F93-4AF7-85F2-E2E05194B075}.Debug|x86.Build.0 = Debug|Any CPU
		{C86F7275-7F93-4AF7-85F2-E2E05194B075}.Release|Any CPU.ActiveCfg = Release|Any CPU
		{C86F7275-7F93-4AF7-85F2-E2E05194B075}.Release|Any CPU.Build.0 = Release|Any CPU
		{C86F7275-7F93-4AF7-85F2-E2E05194B075}.Release|x64.ActiveCfg = Release|Any CPU
		{C86F7275-7F93-4AF7-85F2-E2E05194B075}.Release|x64.Build.0 = Release|Any CPU
		{C86F7275-7F93-4AF7-85F2-E2E05194B075}.Release|x86.ActiveCfg = Release|Any CPU
		{C86F7275-7F93-4AF7-85F2-E2E05194B075}.Release|x86.Build.0 = Release|Any CPU
		{B890F9F7-875D-43AC-8725-FFD0096B1765}.Debug|Any CPU.ActiveCfg = Debug|Any CPU
		{B890F9F7-875D-43AC-8725-FFD0096B1765}.Debug|Any CPU.Build.0 = Debug|Any CPU
		{B890F9F7-875D-43AC-8725-FFD0096B1765}.Debug|x64.ActiveCfg = Debug|Any CPU
		{B890F9F7-875D-43AC-8725-FFD0096B1765}.Debug|x64.Build.0 = Debug|Any CPU
		{B890F9F7-875D-43AC-8725-FFD0096B1765}.Debug|x86.ActiveCfg = Debug|Any CPU
		{B890F9F7-875D-43AC-8725-FFD0096B1765}.Debug|x86.Build.0 = Debug|Any CPU
		{B890F9F7-875D-43AC-8725-FFD0096B1765}.Release|Any CPU.ActiveCfg = Release|Any CPU
		{B890F9F7-875D-43AC-8725-FFD0096B1765}.Release|Any CPU.Build.0 = Release|Any CPU
		{B890F9F7-875D-43AC-8725-FFD0096B1765}.Release|x64.ActiveCfg = Release|Any CPU
		{B890F9F7-875D-43AC-8725-FFD0096B1765}.Release|x64.Build.0 = Release|Any CPU
		{B890F9F7-875D-43AC-8725-FFD0096B1765}.Release|x86.ActiveCfg = Release|Any CPU
		{B890F9F7-875D-43AC-8725-FFD0096B1765}.Release|x86.Build.0 = Release|Any CPU
	EndGlobalSection
	GlobalSection(SolutionProperties) = preSolution
		HideSolutionNode = FALSE
	EndGlobalSection
	GlobalSection(ExtensibilityGlobals) = postSolution
		SolutionGuid = {4B4E8FFE-B1E5-4894-8684-9B5702273415}
	EndGlobalSection
EndGlobal
