Microsoft Visual Studio Solution File, Format Version 12.00
# Visual Studio Version 17
VisualStudioVersion = 17.5.2.0
MinimumVisualStudioVersion = 10.0.40219.1
Project("{FAE04EC0-301F-11D3-BF4B-00C04F79EFBC}") = "DevTunnels.AppHost", "DevTunnels.AppHost.csproj", "{FFE59948-524F-55D9-FB1C-A748FE5A5C84}"
EndProject
Global
	GlobalSection(SolutionConfigurationPlatforms) = preSolution
		Debug|Any CPU = Debug|Any CPU
		Release|Any CPU = Release|Any CPU
	EndGlobalSection
	GlobalSection(ProjectConfigurationPlatforms) = postSolution
		{FFE59948-524F-55D9-FB1C-A748FE5A5C84}.Debug|Any CPU.ActiveCfg = Debug|Any CPU
		{FFE59948-524F-55D9-FB1C-A748FE5A5C84}.Debug|Any CPU.Build.0 = Debug|Any CPU
		{FFE59948-524F-55D9-FB1C-A748FE5A5C84}.Release|Any CPU.ActiveCfg = Release|Any CPU
		{FFE59948-524F-55D9-FB1C-A748FE5A5C84}.Release|Any CPU.Build.0 = Release|Any CPU
	EndGlobalSection
	GlobalSection(SolutionProperties) = preSolution
		HideSolutionNode = FALSE
	EndGlobalSection
	GlobalSection(ExtensibilityGlobals) = postSolution
		SolutionGuid = {082E8DBB-C007-4D54-ACB8-C8C3A316F522}
	EndGlobalSection
EndGlobal
