Microsoft Visual Studio Solution File, Format Version 12.00
# Visual Studio Version 17
VisualStudioVersion = 17.12.35424.110
MinimumVisualStudioVersion = 10.0.40219.1
Project("{FAE04EC0-301F-11D3-BF4B-00C04F79EFBC}") = "AspireSample.AppHost", "AspireSample.AppHost\AspireSample.AppHost.csproj", "{2ACB5E2E-3311-4D2C-B38F-FCB6D2FDCDC2}"
EndProject
Project("{FAE04EC0-301F-11D3-BF4B-00C04F79EFBC}") = "AspireSample.ServiceDefaults", "AspireSample.ServiceDefaults\AspireSample.ServiceDefaults.csproj", "{C47397E5-8F3A-4705-975B-27AF5EE79261}"
EndProject
Project("{FAE04EC0-301F-11D3-BF4B-00C04F79EFBC}") = "AspireSample.ApiService", "AspireSample.ApiService\AspireSample.ApiService.csproj", "{5D1DE561-E73D-4003-B6F5-751A39B0446E}"
EndProject
Project("{FAE04EC0-301F-11D3-BF4B-00C04F79EFBC}") = "AspireSample.Web", "AspireSample.Web\AspireSample.Web.csproj", "{7B6345A1-B031-441E-BC92-A799515D5D9A}"
EndProject
Global
	GlobalSection(SolutionConfigurationPlatforms) = preSolution
		Debug|Any CPU = Debug|Any CPU
		Release|Any CPU = Release|Any CPU
	EndGlobalSection
	GlobalSection(ProjectConfigurationPlatforms) = postSolution
		{2ACB5E2E-3311-4D2C-B38F-FCB6D2FDCDC2}.Debug|Any CPU.ActiveCfg = Debug|Any CPU
		{2ACB5E2E-3311-4D2C-B38F-FCB6D2FDCDC2}.Debug|Any CPU.Build.0 = Debug|Any CPU
		{2ACB5E2E-3311-4D2C-B38F-FCB6D2FDCDC2}.Release|Any CPU.ActiveCfg = Release|Any CPU
		{2ACB5E2E-3311-4D2C-B38F-FCB6D2FDCDC2}.Release|Any CPU.Build.0 = Release|Any CPU
		{C47397E5-8F3A-4705-975B-27AF5EE79261}.Debug|Any CPU.ActiveCfg = Debug|Any CPU
		{C47397E5-8F3A-4705-975B-27AF5EE79261}.Debug|Any CPU.Build.0 = Debug|Any CPU
		{C47397E5-8F3A-4705-975B-27AF5EE79261}.Release|Any CPU.ActiveCfg = Release|Any CPU
		{C47397E5-8F3A-4705-975B-27AF5EE79261}.Release|Any CPU.Build.0 = Release|Any CPU
		{5D1DE561-E73D-4003-B6F5-751A39B0446E}.Debug|Any CPU.ActiveCfg = Debug|Any CPU
		{5D1DE561-E73D-4003-B6F5-751A39B0446E}.Debug|Any CPU.Build.0 = Debug|Any CPU
		{5D1DE561-E73D-4003-B6F5-751A39B0446E}.Release|Any CPU.ActiveCfg = Release|Any CPU
		{5D1DE561-E73D-4003-B6F5-751A39B0446E}.Release|Any CPU.Build.0 = Release|Any CPU
		{7B6345A1-B031-441E-BC92-A799515D5D9A}.Debug|Any CPU.ActiveCfg = Debug|Any CPU
		{7B6345A1-B031-441E-BC92-A799515D5D9A}.Debug|Any CPU.Build.0 = Debug|Any CPU
		{7B6345A1-B031-441E-BC92-A799515D5D9A}.Release|Any CPU.ActiveCfg = Release|Any CPU
		{7B6345A1-B031-441E-BC92-A799515D5D9A}.Release|Any CPU.Build.0 = Release|Any CPU
	EndGlobalSection
	GlobalSection(SolutionProperties) = preSolution
		HideSolutionNode = FALSE
	EndGlobalSection
EndGlobal
