Microsoft Visual Studio Solution File, Format Version 12.00
# Visual Studio Version 17
VisualStudioVersion = 17.12.35209.166
MinimumVisualStudioVersion = 10.0.40219.1
Project("{FAE04EC0-301F-11D3-BF4B-00C04F79EFBC}") = "AspireApp.AppHost", "AspireApp.AppHost\AspireApp.AppHost.csproj", "{EC46758A-CEC8-4167-A411-BA7C8FAA0568}"
EndProject
Project("{FAE04EC0-301F-11D3-BF4B-00C04F79EFBC}") = "AspireApp.ServiceDefaults", "AspireApp.ServiceDefaults\AspireApp.ServiceDefaults.csproj", "{C03045B9-8C3D-4E14-837F-E74D7E02D00A}"
EndProject
Project("{FAE04EC0-301F-11D3-BF4B-00C04F79EFBC}") = "AspireApp.ApiService", "AspireApp.ApiService\AspireApp.ApiService.csproj", "{4F099168-2B47-4298-AB97-0ECF25E3C380}"
EndProject
Project("{FAE04EC0-301F-11D3-BF4B-00C04F79EFBC}") = "AspireApp.Web", "AspireApp.Web\AspireApp.Web.csproj", "{5D051D94-C160-4A30-A66C-598729909737}"
EndProject
Project("{FAE04EC0-301F-11D3-BF4B-00C04F79EFBC}") = "AspireApp.Tests", "AspireApp.Tests\AspireApp.Tests.csproj", "{F46802CC-1977-415B-830F-8D9088DA822A}"
EndProject
Global
	GlobalSection(SolutionConfigurationPlatforms) = preSolution
		Debug|Any CPU = Debug|Any CPU
		Release|Any CPU = Release|Any CPU
	EndGlobalSection
	GlobalSection(ProjectConfigurationPlatforms) = postSolution
		{EC46758A-CEC8-4167-A411-BA7C8FAA0568}.Debug|Any CPU.ActiveCfg = Debug|Any CPU
		{EC46758A-CEC8-4167-A411-BA7C8FAA0568}.Debug|Any CPU.Build.0 = Debug|Any CPU
		{EC46758A-CEC8-4167-A411-BA7C8FAA0568}.Release|Any CPU.ActiveCfg = Release|Any CPU
		{EC46758A-CEC8-4167-A411-BA7C8FAA0568}.Release|Any CPU.Build.0 = Release|Any CPU
		{C03045B9-8C3D-4E14-837F-E74D7E02D00A}.Debug|Any CPU.ActiveCfg = Debug|Any CPU
		{C03045B9-8C3D-4E14-837F-E74D7E02D00A}.Debug|Any CPU.Build.0 = Debug|Any CPU
		{C03045B9-8C3D-4E14-837F-E74D7E02D00A}.Release|Any CPU.ActiveCfg = Release|Any CPU
		{C03045B9-8C3D-4E14-837F-E74D7E02D00A}.Release|Any CPU.Build.0 = Release|Any CPU
		{4F099168-2B47-4298-AB97-0ECF25E3C380}.Debug|Any CPU.ActiveCfg = Debug|Any CPU
		{4F099168-2B47-4298-AB97-0ECF25E3C380}.Debug|Any CPU.Build.0 = Debug|Any CPU
		{4F099168-2B47-4298-AB97-0ECF25E3C380}.Release|Any CPU.ActiveCfg = Release|Any CPU
		{4F099168-2B47-4298-AB97-0ECF25E3C380}.Release|Any CPU.Build.0 = Release|Any CPU
		{5D051D94-C160-4A30-A66C-598729909737}.Debug|Any CPU.ActiveCfg = Debug|Any CPU
		{5D051D94-C160-4A30-A66C-598729909737}.Debug|Any CPU.Build.0 = Debug|Any CPU
		{5D051D94-C160-4A30-A66C-598729909737}.Release|Any CPU.ActiveCfg = Release|Any CPU
		{5D051D94-C160-4A30-A66C-598729909737}.Release|Any CPU.Build.0 = Release|Any CPU
		{F46802CC-1977-415B-830F-8D9088DA822A}.Debug|Any CPU.ActiveCfg = Debug|Any CPU
		{F46802CC-1977-415B-830F-8D9088DA822A}.Debug|Any CPU.Build.0 = Debug|Any CPU
		{F46802CC-1977-415B-830F-8D9088DA822A}.Release|Any CPU.ActiveCfg = Release|Any CPU
		{F46802CC-1977-415B-830F-8D9088DA822A}.Release|Any CPU.Build.0 = Release|Any CPU
	EndGlobalSection
	GlobalSection(SolutionProperties) = preSolution
		HideSolutionNode = FALSE
	EndGlobalSection
	GlobalSection(ExtensibilityGlobals) = postSolution
		SolutionGuid = {F2599B42-2481-4C8F-AC79-3029FC2FC444}
	EndGlobalSection
EndGlobal
