Microsoft Visual Studio Solution File, Format Version 12.00
# Visual Studio Version 17
VisualStudioVersion = 17.14.35806.103
MinimumVisualStudioVersion = 10.0.40219.1
Project("{FAE04EC0-301F-11D3-BF4B-00C04F79EFBC}") = "Aspire.Dashboard.ScreenCapture", "Aspire.Dashboard.ScreenCapture\Aspire.Dashboard.ScreenCapture.csproj", "{C8DB4D4B-0826-4471-A9FD-3B03DE4352E5}"
EndProject
Global
	GlobalSection(SolutionConfigurationPlatforms) = preSolution
		Debug|Any CPU = Debug|Any CPU
		Release|Any CPU = Release|Any CPU
	EndGlobalSection
	GlobalSection(ProjectConfigurationPlatforms) = postSolution
		{C8DB4D4B-0826-4471-A9FD-3B03DE4352E5}.Debug|Any CPU.ActiveCfg = Debug|Any CPU
		{C8DB4D4B-0826-4471-A9FD-3B03DE4352E5}.Debug|Any CPU.Build.0 = Debug|Any CPU
		{C8DB4D4B-0826-4471-A9FD-3B03DE4352E5}.Release|Any CPU.ActiveCfg = Release|Any CPU
		{C8DB4D4B-0826-4471-A9FD-3B03DE4352E5}.Release|Any CPU.Build.0 = Release|Any CPU
	EndGlobalSection
	GlobalSection(SolutionProperties) = preSolution
		HideSolutionNode = FALSE
	EndGlobalSection
	GlobalSection(ExtensibilityGlobals) = postSolution
		SolutionGuid = {2651BB5C-3393-4772-A9FB-AE2C0994C79E}
	EndGlobalSection
EndGlobal
