
Microsoft Visual Studio Solution File, Format Version 12.00
# Visual Studio Version 17
VisualStudioVersion = 17.9.34308.178
MinimumVisualStudioVersion = 10.0.40219.1
Project("{9A19103F-16F7-4668-BE54-9A1E7A4F7556}") = "AspireSQLEFCore", "AspireSQLEFCore\AspireSQLEFCore.csproj", "{27667A42-D629-4B1A-81EE-AE302F40679C}"
EndProject
Project("{9A19103F-16F7-4668-BE54-9A1E7A4F7556}") = "AspireSQLEFCore.AppHost", "AspireSQLEFCore.AppHost\AspireSQLEFCore.AppHost.csproj", "{0510325F-3687-49E2-B91D-474E6B12179D}"
EndProject
Project("{FAE04EC0-301F-11D3-BF4B-00C04F79EFBC}") = "AspireSQLEFCore.ServiceDefaults", "AspireSQLEFCore.ServiceDefaults\AspireSQLEFCore.ServiceDefaults.csproj", "{65E30FBE-60A0-4804-920D-5BE70A215D0B}"
EndProject
Global
	GlobalSection(SolutionConfigurationPlatforms) = preSolution
		Debug|Any CPU = Debug|Any CPU
		Release|Any CPU = Release|Any CPU
	EndGlobalSection
	GlobalSection(ProjectConfigurationPlatforms) = postSolution
		{27667A42-D629-4B1A-81EE-AE302F40679C}.Debug|Any CPU.ActiveCfg = Debug|Any CPU
		{27667A42-D629-4B1A-81EE-AE302F40679C}.Debug|Any CPU.Build.0 = Debug|Any CPU
		{27667A42-D629-4B1A-81EE-AE302F40679C}.Release|Any CPU.ActiveCfg = Release|Any CPU
		{27667A42-D629-4B1A-81EE-AE302F40679C}.Release|Any CPU.Build.0 = Release|Any CPU
		{0510325F-3687-49E2-B91D-474E6B12179D}.Debug|Any CPU.ActiveCfg = Debug|Any CPU
		{0510325F-3687-49E2-B91D-474E6B12179D}.Debug|Any CPU.Build.0 = Debug|Any CPU
		{0510325F-3687-49E2-B91D-474E6B12179D}.Release|Any CPU.ActiveCfg = Release|Any CPU
		{0510325F-3687-49E2-B91D-474E6B12179D}.Release|Any CPU.Build.0 = Release|Any CPU
		{65E30FBE-60A0-4804-920D-5BE70A215D0B}.Debug|Any CPU.ActiveCfg = Debug|Any CPU
		{65E30FBE-60A0-4804-920D-5BE70A215D0B}.Debug|Any CPU.Build.0 = Debug|Any CPU
		{65E30FBE-60A0-4804-920D-5BE70A215D0B}.Release|Any CPU.ActiveCfg = Release|Any CPU
		{65E30FBE-60A0-4804-920D-5BE70A215D0B}.Release|Any CPU.Build.0 = Release|Any CPU
	EndGlobalSection
	GlobalSection(SolutionProperties) = preSolution
		HideSolutionNode = FALSE
	EndGlobalSection
	GlobalSection(ExtensibilityGlobals) = postSolution
		SolutionGuid = {2E0576FB-7481-4D05-B9FA-B2B6DAE4DD1A}
	EndGlobalSection
EndGlobal
